
Microsoft Visual Studio Solution File, Format Version 12.00
# Visual Studio Version 16
VisualStudioVersion = 16.6.30114.105
MinimumVisualStudioVersion = 10.0.40219.1
Project("{FAE04EC0-301F-11D3-BF4B-00C04F79EFBC}") = "PaymentContext.Domain", "PaymentContext.Domain\PaymentContext.Domain.csproj", "{E2646C1F-7D67-49F4-BE23-1760A71587E4}"
EndProject
Project("{FAE04EC0-301F-11D3-BF4B-00C04F79EFBC}") = "PaymentContext.Shared", "PaymentContext.Shared\PaymentContext.Shared.csproj", "{C5A46D8E-344D-4CB8-BEB5-912845584D6D}"
EndProject
Project("{FAE04EC0-301F-11D3-BF4B-00C04F79EFBC}") = "PaymentContext.Tests", "PaymentContext.Tests\PaymentContext.Tests.csproj", "{D2961E76-FF58-410C-B94D-473115835890}"
EndProject
Global
	GlobalSection(SolutionConfigurationPlatforms) = preSolution
		Debug|Any CPU = Debug|Any CPU
		Debug|x64 = Debug|x64
		Debug|x86 = Debug|x86
		Release|Any CPU = Release|Any CPU
		Release|x64 = Release|x64
		Release|x86 = Release|x86
	EndGlobalSection
	GlobalSection(SolutionProperties) = preSolution
		HideSolutionNode = FALSE
	EndGlobalSection
	GlobalSection(ProjectConfigurationPlatforms) = postSolution
		{E2646C1F-7D67-49F4-BE23-1760A71587E4}.Debug|Any CPU.ActiveCfg = Debug|Any CPU
		{E2646C1F-7D67-49F4-BE23-1760A71587E4}.Debug|Any CPU.Build.0 = Debug|Any CPU
		{E2646C1F-7D67-49F4-BE23-1760A71587E4}.Debug|x64.ActiveCfg = Debug|Any CPU
		{E2646C1F-7D67-49F4-BE23-1760A71587E4}.Debug|x64.Build.0 = Debug|Any CPU
		{E2646C1F-7D67-49F4-BE23-1760A71587E4}.Debug|x86.ActiveCfg = Debug|Any CPU
		{E2646C1F-7D67-49F4-BE23-1760A71587E4}.Debug|x86.Build.0 = Debug|Any CPU
		{E2646C1F-7D67-49F4-BE23-1760A71587E4}.Release|Any CPU.ActiveCfg = Release|Any CPU
		{E2646C1F-7D67-49F4-BE23-1760A71587E4}.Release|Any CPU.Build.0 = Release|Any CPU
		{E2646C1F-7D67-49F4-BE23-1760A71587E4}.Release|x64.ActiveCfg = Release|Any CPU
		{E2646C1F-7D67-49F4-BE23-1760A71587E4}.Release|x64.Build.0 = Release|Any CPU
		{E2646C1F-7D67-49F4-BE23-1760A71587E4}.Release|x86.ActiveCfg = Release|Any CPU
		{E2646C1F-7D67-49F4-BE23-1760A71587E4}.Release|x86.Build.0 = Release|Any CPU
		{C5A46D8E-344D-4CB8-BEB5-912845584D6D}.Debug|Any CPU.ActiveCfg = Debug|Any CPU
		{C5A46D8E-344D-4CB8-BEB5-912845584D6D}.Debug|Any CPU.Build.0 = Debug|Any CPU
		{C5A46D8E-344D-4CB8-BEB5-912845584D6D}.Debug|x64.ActiveCfg = Debug|Any CPU
		{C5A46D8E-344D-4CB8-BEB5-912845584D6D}.Debug|x64.Build.0 = Debug|Any CPU
		{C5A46D8E-344D-4CB8-BEB5-912845584D6D}.Debug|x86.ActiveCfg = Debug|Any CPU
		{C5A46D8E-344D-4CB8-BEB5-912845584D6D}.Debug|x86.Build.0 = Debug|Any CPU
		{C5A46D8E-344D-4CB8-BEB5-912845584D6D}.Release|Any CPU.ActiveCfg = Release|Any CPU
		{C5A46D8E-344D-4CB8-BEB5-912845584D6D}.Release|Any CPU.Build.0 = Release|Any CPU
		{C5A46D8E-344D-4CB8-BEB5-912845584D6D}.Release|x64.ActiveCfg = Release|Any CPU
		{C5A46D8E-344D-4CB8-BEB5-912845584D6D}.Release|x64.Build.0 = Release|Any CPU
		{C5A46D8E-344D-4CB8-BEB5-912845584D6D}.Release|x86.ActiveCfg = Release|Any CPU
		{C5A46D8E-344D-4CB8-BEB5-912845584D6D}.Release|x86.Build.0 = Release|Any CPU
		{D2961E76-FF58-410C-B94D-473115835890}.Debug|Any CPU.ActiveCfg = Debug|Any CPU
		{D2961E76-FF58-410C-B94D-473115835890}.Debug|Any CPU.Build.0 = Debug|Any CPU
		{D2961E76-FF58-410C-B94D-473115835890}.Debug|x64.ActiveCfg = Debug|Any CPU
		{D2961E76-FF58-410C-B94D-473115835890}.Debug|x64.Build.0 = Debug|Any CPU
		{D2961E76-FF58-410C-B94D-473115835890}.Debug|x86.ActiveCfg = Debug|Any CPU
		{D2961E76-FF58-410C-B94D-473115835890}.Debug|x86.Build.0 = Debug|Any CPU
		{D2961E76-FF58-410C-B94D-473115835890}.Release|Any CPU.ActiveCfg = Release|Any CPU
		{D2961E76-FF58-410C-B94D-473115835890}.Release|Any CPU.Build.0 = Release|Any CPU
		{D2961E76-FF58-410C-B94D-473115835890}.Release|x64.ActiveCfg = Release|Any CPU
		{D2961E76-FF58-410C-B94D-473115835890}.Release|x64.Build.0 = Release|Any CPU
		{D2961E76-FF58-410C-B94D-473115835890}.Release|x86.ActiveCfg = Release|Any CPU
		{D2961E76-FF58-410C-B94D-473115835890}.Release|x86.Build.0 = Release|Any CPU
	EndGlobalSection
EndGlobal
